# This file is autogenerated, do not edit; changes may be undone by the next 'dep ensure'.


[[projects]]
  branch = "master"
  digest = "1:5cae041cb6df45a69e2952f9b48e8e026deba25923fcce025b8d11771680f5d4"
  name = "github.com/axamon/lemmatizer"
  packages = [
    ".",
    "dicts",
  ]
  pruneopts = "UT"
  revision = "8c4583fe23b2af0fedc590c7ebddab4dff92d913"

[[projects]]
  branch = "master"
  digest = "1:766616fafd115b4df7326091c3784fefd44ca2132e8b710291ba4fb67ce364d9"
  name = "github.com/axamon/stringset"
  packages = ["."]
  pruneopts = "UT"
  revision = "7bfbae978efa37271e394fb075b11ebc4a32876a"

[solve-meta]
  analyzer-name = "dep"
  analyzer-version = 1
  input-imports = [
    "github.com/axamon/lemmatizer",
    "github.com/axamon/stringset",
  ]
  solver-name = "gps-cdcl"
  solver-version = 1
